schema: '2.0'
stages:
  data_split:
    cmd: python stages/data_split.py --config=params.yaml
    deps:
    - path: data/Churn_Modelling.csv
      md5: a0d373e8bbc1c649996e16e22dd118e3
      size: 684858
    - path: stages/data_split.py
      md5: 519fbe22a8ce712999f28010f3c56fe6
      size: 1606
    params:
      params.yaml:
        base:
          project: bank_customer_churn
          data_dir: data
          data_fname: Churn_Modelling.csv
          cat_cols:
          - Geography
          num_cols:
          - CreditScore
          - Age
          - Tenure
          - Balance
          - NumOfProducts
          - HasCrCard
          - IsActiveMember
          - EstimatedSalary
          targ_col: Exited
          random_state: 10
          model_dir: model/
        data_split:
          test_size: 0.2
    outs:
    - path: data/X_test.pkl
      md5: eb1353353caca5a4caeebdda6fe93370
      size: 149028
    - path: data/X_train.pkl
      md5: d96a6ce2c586f041f52ae1b20644f4ac
      size: 593049
    - path: data/y_test.pkl
      md5: fb488015812df53726b68c2b180a6dbc
      size: 48613
    - path: data/y_train.pkl
      md5: 7aa890b8016a775dd829738f0caf3ce1
      size: 192622
  train:
    cmd: python stages/train.py --config=params.yaml
    deps:
    - path: data/X_train.pkl
      md5: d96a6ce2c586f041f52ae1b20644f4ac
      size: 593049
    - path: data/y_train.pkl
      md5: 7aa890b8016a775dd829738f0caf3ce1
      size: 192622
    - path: stages/train.py
      md5: d54e4eaf7ad9f7c5bb9a740d48a2f9d2
      size: 2536
    params:
      params.yaml:
        base:
          project: bank_customer_churn
          data_dir: data
          data_fname: Churn_Modelling.csv
          cat_cols:
          - Geography
          num_cols:
          - CreditScore
          - Age
          - Tenure
          - Balance
          - NumOfProducts
          - HasCrCard
          - IsActiveMember
          - EstimatedSalary
          targ_col: Exited
          random_state: 10
          model_dir: model/
        train:
          model_type: randomforest
          params:
            n_estimators: 500
            max_depth: 5
    outs:
    - path: model//clf-model
      md5: 07648761136aabab5046619981be4cd1
      size: 2079494
    - path: model//clf-model.mlem
      md5: 7ad9a8f4f0757fbd85c78c03576b3a17
      size: 1994
  eval:
    cmd: python stages/eval.py --config=params.yaml
    deps:
    - path: data/X_test.pkl
      md5: eb1353353caca5a4caeebdda6fe93370
      size: 149028
    - path: data/y_test.pkl
      md5: fb488015812df53726b68c2b180a6dbc
      size: 48613
    - path: model//clf-model
      md5: 07648761136aabab5046619981be4cd1
      size: 2079494
    - path: model//clf-model.mlem
      md5: 7ad9a8f4f0757fbd85c78c03576b3a17
      size: 1994
    - path: stages/eval.py
      md5: 17badaa85160eacd8dccf45d4861fc3b
      size: 2762
    params:
      params.yaml:
        base:
          project: bank_customer_churn
          data_dir: data
          data_fname: Churn_Modelling.csv
          cat_cols:
          - Geography
          num_cols:
          - CreditScore
          - Age
          - Tenure
          - Balance
          - NumOfProducts
          - HasCrCard
          - IsActiveMember
          - EstimatedSalary
          targ_col: Exited
          random_state: 10
          model_dir: model/
        data_split:
          test_size: 0.2
        train:
          model_type: randomforest
          params:
            n_estimators: 500
            max_depth: 5
    outs:
    - path: eval_plots/cm.png
      md5: 92802e63bcb00d701f3b275c3eca6a11
      size: 10526
    - path: eval_plots/plots/sklearn/roc.json
      md5: f4ee1aed1f7f39e818b6c945a55188e9
      size: 63990
    - path: feat_imp.csv
      md5: 10ecce57f13ca694d463fad26aa1b8d2
      size: 310
    - path: metrics.json
      md5: c854a3c670804fa1004e0ee101d735aa
      size: 97
    - path: models/perm_imp.joblib
      md5: 4cebb56c4828bb3244dd646def833849
      size: 2077243
