schema: '2.0'
stages:
  data_split:
    cmd: python stages/data_split.py --config=params.yaml
    deps:
    - path: data/Churn_Modelling.csv
      md5: a0d373e8bbc1c649996e16e22dd118e3
      size: 684858
    - path: stages/data_split.py
      md5: 519fbe22a8ce712999f28010f3c56fe6
      size: 1606
    params:
      params.yaml:
        base:
          project: bank_customer_churn
          data_dir: data
          data_fname: Churn_Modelling.csv
          cat_cols:
          - Geography
          num_cols:
          - CreditScore
          - Age
          - Tenure
          - Balance
          - NumOfProducts
          - HasCrCard
          - IsActiveMember
          - EstimatedSalary
          targ_col: Exited
          random_state: 42
          model_dir: model/
        data_split:
          test_size: 0.3
    outs:
    - path: data/X_test.pkl
      md5: cfe0471ee123e1e8deb00df7b57985ca
      size: 223039
    - path: data/X_train.pkl
      md5: 2746c1042b27ff92b691896cec45707f
      size: 519047
    - path: data/y_test.pkl
      md5: 2723f219be78fc97a83cb1c0537a2fed
      size: 72622
    - path: data/y_train.pkl
      md5: fae58cd6792372db1dae90d1c84feee6
      size: 168622
  train:
    cmd: python stages/train.py --config=params.yaml
    deps:
    - path: data/X_train.pkl
      md5: 2746c1042b27ff92b691896cec45707f
      size: 519047
    - path: data/y_train.pkl
      md5: fae58cd6792372db1dae90d1c84feee6
      size: 168622
    - path: stages/train.py
      md5: d54e4eaf7ad9f7c5bb9a740d48a2f9d2
      size: 2536
    params:
      params.yaml:
        base:
          project: bank_customer_churn
          data_dir: data
          data_fname: Churn_Modelling.csv
          cat_cols:
          - Geography
          num_cols:
          - CreditScore
          - Age
          - Tenure
          - Balance
          - NumOfProducts
          - HasCrCard
          - IsActiveMember
          - EstimatedSalary
          targ_col: Exited
          random_state: 42
          model_dir: model/
        train:
          model_type: randomforest
          params:
            n_estimators: 150
            max_depth: 20
    outs:
    - path: model//clf-model
      md5: 62fa727b98dd195bccca3a25d5133ff7
      size: 19823124
    - path: model//clf-model.mlem
      md5: 2293d9adfdec78a7f379d76549f20153
      size: 1995
  eval:
    cmd: python stages/eval.py --config=params.yaml
    deps:
    - path: data/X_test.pkl
      md5: cfe0471ee123e1e8deb00df7b57985ca
      size: 223039
    - path: data/y_test.pkl
      md5: 2723f219be78fc97a83cb1c0537a2fed
      size: 72622
    - path: model//clf-model
      md5: 62fa727b98dd195bccca3a25d5133ff7
      size: 19823124
    - path: model//clf-model.mlem
      md5: 2293d9adfdec78a7f379d76549f20153
      size: 1995
    - path: stages/eval.py
      md5: 17badaa85160eacd8dccf45d4861fc3b
      size: 2762
    params:
      params.yaml:
        base:
          project: bank_customer_churn
          data_dir: data
          data_fname: Churn_Modelling.csv
          cat_cols:
          - Geography
          num_cols:
          - CreditScore
          - Age
          - Tenure
          - Balance
          - NumOfProducts
          - HasCrCard
          - IsActiveMember
          - EstimatedSalary
          targ_col: Exited
          random_state: 42
          model_dir: model/
        data_split:
          test_size: 0.3
        train:
          model_type: randomforest
          params:
            n_estimators: 150
            max_depth: 20
    outs:
    - path: eval_plots/cm.png
      md5: 95eaf6b5b34ff95e7ea812264fec8adb
      size: 10324
    - path: eval_plots/plots/sklearn/roc.json
      md5: a39dd79f28ca17fb6fa3577772861a88
      size: 96162
    - path: feat_imp.csv
      md5: b1bfaeeb221c2409247d17f3760e2c1d
      size: 306
    - path: metrics.json
      md5: dec6fa103efaf067b035c623410e0f07
      size: 98
    - path: models/perm_imp.joblib
      md5: 5d2f62a85316b9c6591d1c0d468c2c07
      size: 19821803
